{
  "name": "morph-studios",
  "version": "1.0.0",
  "lockfileVersion": 1,
  "requires": true,
  "dependencies": {
    "foundation-sites": {
      "version": "6.6.3",
      "resolved": "https://registry.npmjs.org/foundation-sites/-/foundation-sites-6.6.3.tgz",
      "integrity": "sha512-8X93wUAmUg1HhVv8uWMWnwoBLSQWSmFImJencneIZDctswn724Bq/MV1cbPZN/GFWGOB/9ngoQHztfzd4+ovCg=="
    },
    "jquery": {
      "version": "3.5.0",
      "resolved": "https://registry.npmjs.org/jquery/-/jquery-3.5.0.tgz",
      "integrity": "sha512-Xb7SVYMvygPxbFMpTFQiHh1J7HClEaThguL15N/Gg37Lri/qKyhRGZYzHRyLH8Stq3Aow0LsHO2O2ci86fCrNQ=="
    },
    "what-input": {
      "version": "5.2.7",
      "resolved": "https://registry.npmjs.org/what-input/-/what-input-5.2.7.tgz",
      "integrity": "sha512-ruCP2skyygi0ZHnMicHuZP7vXnJh8uJXs9R7RX488HlWigSdzngdmKo5Ti11Iatp1dnYp55VfioP/WevPaK+xQ=="
    }
  }
}
